# THIS IS AN AUTOGENERATED FILE. DO NOT EDIT THIS FILE DIRECTLY.
# yarn lockfile v1


"@harmony-js/account@0.1.56":
  version "0.1.56"
  resolved "https://registry.yarnpkg.com/@harmony-js/account/-/account-0.1.56.tgz#74d008d199b81af6bd554a6cc455c882e85d61e7"
  integrity sha512-VX3+NAirUxxowAc2QBuKEpHSN0XGYHqogYIf63XGFfg2BACS3RdN/tkJTzPPyIPejEKC3yDylm5c+8NzmsOjhQ==
  dependencies:
    "@harmony-js/core" "0.1.56"
    "@harmony-js/crypto" "0.1.56"
    "@harmony-js/network" "0.1.56"
    "@harmony-js/staking" "0.1.56"
    "@harmony-js/transaction" "0.1.56"
    "@harmony-js/utils" "0.1.56"

"@harmony-js/contract@0.1.56":
  version "0.1.56"
  resolved "https://registry.yarnpkg.com/@harmony-js/contract/-/contract-0.1.56.tgz#cfe8ffca6332008137f248d5bce59c4f3c5f22f3"
  integrity sha512-4yKBjUtMkiaMvhwbEFps7qZV/NIWRgkJuO2yZYsqbkzdFf3eMXXrq60HpDZcWhNf+rsL0VpDso9i09mW+DDZJQ==
  dependencies:
    "@harmony-js/account" "0.1.56"
    "@harmony-js/crypto" "0.1.56"
    "@harmony-js/network" "0.1.56"
    "@harmony-js/transaction" "0.1.56"
    "@harmony-js/utils" "0.1.56"

"@harmony-js/core@0.1.56", "@harmony-js/core@^0.1.55":
  version "0.1.56"
  resolved "https://registry.yarnpkg.com/@harmony-js/core/-/core-0.1.56.tgz#52c986c0ecfa881b57aaeb0448ae92d2d30c3f18"
  integrity sha512-mYVIewX2oL0PHZJU64HD65M/QMA756d19MosATRqbfj8MLLgdMdTuXHF525NWDRxBiYlSh6BGSNJakNbtq8g3Q==
  dependencies:
    "@harmony-js/account" "0.1.56"
    "@harmony-js/contract" "0.1.56"
    "@harmony-js/crypto" "0.1.56"
    "@harmony-js/network" "0.1.56"
    "@harmony-js/staking" "0.1.56"
    "@harmony-js/transaction" "0.1.56"
    "@harmony-js/utils" "0.1.56"

"@harmony-js/crypto@0.1.56":
  version "0.1.56"
  resolved "https://registry.yarnpkg.com/@harmony-js/crypto/-/crypto-0.1.56.tgz#62bdd850de8b98df6049bd2c43e096113852287d"
  integrity sha512-JMOWte8d3HXO2b038MqQpZ6al6OHsB9aZTretuzijxwrOIOdPKu9sDNHhmyJhQTIOKqG2+gErlj9AclZbXGk5g==
  dependencies:
    "@harmony-js/utils" "0.1.56"
    aes-js "^3.1.2"
    bip39 "^2.5.0"
    bn.js "^4.11.8"
    elliptic "^6.4.1"
    hdkey "^1.1.1"
    hmac-drbg "^1.0.1"
    js-sha3 "^0.8.0"
    pbkdf2 "^3.0.17"
    scrypt-shim "github:web3-js/scrypt-shim"
    uuid "^3.3.2"

"@harmony-js/network@0.1.56":
  version "0.1.56"
  resolved "https://registry.yarnpkg.com/@harmony-js/network/-/network-0.1.56.tgz#86d08923d5963fb8ad15cb3beb85de045afd9969"
  integrity sha512-ItwgvQPjcFyVKKa1mFAqRMno6yyp1cjM2UNIdHOHtWG+H8BgObcw2ZM4LJpAPVF/XSoaTcZZwfB2hD7zOFnnYQ==
  dependencies:
    "@harmony-js/utils" "0.1.56"
    cross-fetch "^3.0.2"
    mitt "^1.2.0"
    websocket "^1.0.28"

"@harmony-js/staking@0.1.56":
  version "0.1.56"
  resolved "https://registry.yarnpkg.com/@harmony-js/staking/-/staking-0.1.56.tgz#34a0c873760b54f68c1301aa2567572d338b8810"
  integrity sha512-i0tliihg/7llJNp3uMjW5NZjJzLGz9iIESA4ST/cD2yT3KeRviwmlQPVf4uZpxIlmGgtk/oR4tLPLzmZEgSTOw==
  dependencies:
    "@harmony-js/crypto" "0.1.56"
    "@harmony-js/network" "0.1.56"
    "@harmony-js/transaction" "0.1.56"
    "@harmony-js/utils" "0.1.56"
    text-encoding "^0.7.0"

"@harmony-js/transaction@0.1.56":
  version "0.1.56"
  resolved "https://registry.yarnpkg.com/@harmony-js/transaction/-/transaction-0.1.56.tgz#6b68607ccd83b0d9c1871dbaf5bfdb5152203e7f"
  integrity sha512-+eX1+xBGsi6aGMyeZf7cvd2gncItPPifP7Hyjh9wNxbpyxpgBLvVnhD8hGaUQ6MJ9xJkFeWfkQPduEQBsCZj7A==
  dependencies:
    "@harmony-js/crypto" "0.1.56"
    "@harmony-js/network" "0.1.56"
    "@harmony-js/utils" "0.1.56"

"@harmony-js/utils@0.1.56":
  version "0.1.56"
  resolved "https://registry.yarnpkg.com/@harmony-js/utils/-/utils-0.1.56.tgz#89d77d07989ecfb5679776917f2b78b7b698c854"
  integrity sha512-XoYYIMoK/mSxPkxFd25dY/wScIWWevoTrHoFdlFd8N7GWlilfdgQEF5vO+4BA6hyDJ4ryfdLnGc6W6Hz+5qs2A==
  dependencies:
    "@types/bn.js" "^4.11.3"
    bn.js "^4.11.8"

"@harmony-react/types@^6.1.8-alpha.7":
  version "6.1.8-alpha.7"
  resolved "https://registry.yarnpkg.com/@harmony-react/types/-/types-6.1.8-alpha.7.tgz#19328aa6825ea6c1344209b5610f9e06e446e536"
  integrity sha512-gbfkbmftpFYAoe4kRjR5ZFKJyCuBmIFkKV/mhVNBXCpd4D2Y6AoKfaAA3hXJNxo3RiUEhDiZWRwPnbSbCK6yIQ==

"@types/bn.js@^4.11.3":
  version "4.11.6"
  resolved "https://registry.yarnpkg.com/@types/bn.js/-/bn.js-4.11.6.tgz#c306c70d9358aaea33cd4eda092a742b9505967c"
  integrity sha512-pqr857jrp2kPuO9uRjZ3PwnJTjoQy+fcdxvBTvHm6dkmEL9q+hDD/2j/0ELOBPtPnS8LjCX0gI9nbl8lVkadpg==
  dependencies:
    "@types/node" "*"

"@types/node@*":
  version "14.14.9"
  resolved "https://registry.yarnpkg.com/@types/node/-/node-14.14.9.tgz#04afc9a25c6ff93da14deabd65dc44485b53c8d6"
  integrity sha512-JsoLXFppG62tWTklIoO4knA+oDTYsmqWxHRvd4lpmfQRNhX6osheUOWETP2jMoV/2bEHuMra8Pp3Dmo/stBFcw==

"@web3-react/abstract-connector@latest":
  version "6.0.7"
  resolved "https://registry.yarnpkg.com/@web3-react/abstract-connector/-/abstract-connector-6.0.7.tgz#401b3c045f1e0fab04256311be49d5144e9badc6"
  integrity sha512-RhQasA4Ox8CxUC0OENc1AJJm8UTybu/oOCM61Zjg6y0iF7Z0sqv1Ai1VdhC33hrQpA8qSBgoXN9PaP8jKmtdqg==
  dependencies:
    "@web3-react/types" "^6.0.7"

"@web3-react/types@^6.0.7", "@web3-react/types@latest":
  version "6.0.7"
  resolved "https://registry.yarnpkg.com/@web3-react/types/-/types-6.0.7.tgz#34a6204224467eedc6123abaf55fbb6baeb2809f"
  integrity sha512-ofGmfDhxmNT1/P/MgVa8IKSkCStFiyvXe+U5tyZurKdrtTDFU+wJ/LxClPDtFerWpczNFPUSrKcuhfPX1sI6+A==

aes-js@^3.1.2:
  version "3.1.2"
  resolved "https://registry.yarnpkg.com/aes-js/-/aes-js-3.1.2.tgz#db9aabde85d5caabbfc0d4f2a4446960f627146a"
  integrity sha512-e5pEa2kBnBOgR4Y/p20pskXI74UEz7de8ZGVo58asOtvSVG5YAbJeELPZxOmt+Bnz3rX753YKhfIn4X4l1PPRQ==

base-x@^3.0.2:
  version "3.0.8"
  resolved "https://registry.yarnpkg.com/base-x/-/base-x-3.0.8.tgz#1e1106c2537f0162e8b52474a557ebb09000018d"
  integrity sha512-Rl/1AWP4J/zRrk54hhlxH4drNxPJXYUaKffODVI53/dAsV4t9fBxyxYKAVPU1XBHxYwOWP9h9H0hM2MVw4YfJA==
  dependencies:
    safe-buffer "^5.0.1"

bindings@^1.5.0:
  version "1.5.0"
  resolved "https://registry.yarnpkg.com/bindings/-/bindings-1.5.0.tgz#10353c9e945334bc0511a6d90b38fbc7c9c504df"
  integrity sha512-p2q/t/mhvuOj/UeLlV6566GD/guowlr0hHxClI0W9m7MWYkL1F0hLo+0Aexs9HSPCtR1SXQ0TD3MMKrXZajbiQ==
  dependencies:
    file-uri-to-path "1.0.0"

bip39@^2.5.0:
  version "2.6.0"
  resolved "https://registry.yarnpkg.com/bip39/-/bip39-2.6.0.tgz#9e3a720b42ec8b3fbe4038f1e445317b6a99321c"
  integrity sha512-RrnQRG2EgEoqO24ea+Q/fftuPUZLmrEM3qNhhGsA3PbaXaCW791LTzPuVyx/VprXQcTbPJ3K3UeTna8ZnVl2sg==
  dependencies:
    create-hash "^1.1.0"
    pbkdf2 "^3.0.9"
    randombytes "^2.0.1"
    safe-buffer "^5.0.1"
    unorm "^1.3.3"

bip66@^1.1.5:
  version "1.1.5"
  resolved "https://registry.yarnpkg.com/bip66/-/bip66-1.1.5.tgz#01fa8748785ca70955d5011217d1b3139969ca22"
  integrity sha1-AfqHSHhcpwlV1QESF9GzE5lpyiI=
  dependencies:
    safe-buffer "^5.0.1"

bn.js@^4.11.8, bn.js@^4.4.0:
  version "4.11.9"
  resolved "https://registry.yarnpkg.com/bn.js/-/bn.js-4.11.9.tgz#26d556829458f9d1e81fc48952493d0ba3507828"
  integrity sha512-E6QoYqCKZfgatHTdHzs1RRKP7ip4vvm+EyRUeE2RF0NblwVvb0p6jSVeNTOFxPn26QXN2o6SMfNxKp6kU8zQaw==

brorand@^1.0.1:
  version "1.1.0"
  resolved "https://registry.yarnpkg.com/brorand/-/brorand-1.1.0.tgz#12c25efe40a45e3c323eb8675a0a0ce57b22371f"
  integrity sha1-EsJe/kCkXjwyPrhnWgoM5XsiNx8=

browserify-aes@^1.0.6:
  version "1.2.0"
  resolved "https://registry.yarnpkg.com/browserify-aes/-/browserify-aes-1.2.0.tgz#326734642f403dabc3003209853bb70ad428ef48"
  integrity sha512-+7CHXqGuspUn/Sl5aO7Ea0xWGAtETPXNSAjHo48JfLdPWcMng33Xe4znFvQweqc/uzk5zSOI3H52CYnjCfb5hA==
  dependencies:
    buffer-xor "^1.0.3"
    cipher-base "^1.0.0"
    create-hash "^1.1.0"
    evp_bytestokey "^1.0.3"
    inherits "^2.0.1"
    safe-buffer "^5.0.1"

bs58@^4.0.0:
  version "4.0.1"
  resolved "https://registry.yarnpkg.com/bs58/-/bs58-4.0.1.tgz#be161e76c354f6f788ae4071f63f34e8c4f0a42a"
  integrity sha1-vhYedsNU9veIrkBx9j806MTwpCo=
  dependencies:
    base-x "^3.0.2"

bs58check@^2.1.2:
  version "2.1.2"
  resolved "https://registry.yarnpkg.com/bs58check/-/bs58check-2.1.2.tgz#53b018291228d82a5aa08e7d796fdafda54aebfc"
  integrity sha512-0TS1jicxdU09dwJMNZtVAfzPi6Q6QeN0pM1Fkzrjn+XYHvzMKPU3pHVpva+769iNVSfIYWf7LJ6WR+BuuMf8cA==
  dependencies:
    bs58 "^4.0.0"
    create-hash "^1.1.0"
    safe-buffer "^5.1.2"

buffer-xor@^1.0.3:
  version "1.0.3"
  resolved "https://registry.yarnpkg.com/buffer-xor/-/buffer-xor-1.0.3.tgz#26e61ed1422fb70dd42e6e36729ed51d855fe8d9"
  integrity sha1-JuYe0UIvtw3ULm42cp7VHYVf6Nk=

bufferutil@^4.0.1:
  version "4.0.2"
  resolved "https://registry.yarnpkg.com/bufferutil/-/bufferutil-4.0.2.tgz#79f68631910f6b993d870fc77dc0a2894eb96cd5"
  integrity sha512-AtnG3W6M8B2n4xDQ5R+70EXvOpnXsFYg/AK2yTZd+HQ/oxAdz+GI+DvjmhBw3L0ole+LJ0ngqY4JMbDzkfNzhA==
  dependencies:
    node-gyp-build "^4.2.0"

cipher-base@^1.0.0, cipher-base@^1.0.1, cipher-base@^1.0.3:
  version "1.0.4"
  resolved "https://registry.yarnpkg.com/cipher-base/-/cipher-base-1.0.4.tgz#8760e4ecc272f4c363532f926d874aae2c1397de"
  integrity sha512-Kkht5ye6ZGmwv40uUDZztayT2ThLQGfnj/T71N/XzeZeo3nf8foyW7zGTsPYkEya3m5f3cAypH+qe7YOrM1U2Q==
  dependencies:
    inherits "^2.0.1"
    safe-buffer "^5.0.1"

create-hash@^1.1.0, create-hash@^1.1.2, create-hash@^1.2.0:
  version "1.2.0"
  resolved "https://registry.yarnpkg.com/create-hash/-/create-hash-1.2.0.tgz#889078af11a63756bcfb59bd221996be3a9ef196"
  integrity sha512-z00bCGNHDG8mHAkP7CtT1qVu+bFQUPjYq/4Iv3C3kWjTFV10zIjfSoeqXo9Asws8gwSHDGj/hl2u4OGIjapeCg==
  dependencies:
    cipher-base "^1.0.1"
    inherits "^2.0.1"
    md5.js "^1.3.4"
    ripemd160 "^2.0.1"
    sha.js "^2.4.0"

create-hmac@^1.1.4:
  version "1.1.7"
  resolved "https://registry.yarnpkg.com/create-hmac/-/create-hmac-1.1.7.tgz#69170c78b3ab957147b2b8b04572e47ead2243ff"
  integrity sha512-MJG9liiZ+ogc4TzUwuvbER1JRdgvUFSB5+VR/g5h82fGaIRWMWddtKBHi7/sVhfjQZ6SehlyhvQYrcYkaUIpLg==
  dependencies:
    cipher-base "^1.0.3"
    create-hash "^1.1.0"
    inherits "^2.0.1"
    ripemd160 "^2.0.0"
    safe-buffer "^5.0.1"
    sha.js "^2.4.8"

cross-fetch@^3.0.2:
  version "3.0.6"
  resolved "https://registry.yarnpkg.com/cross-fetch/-/cross-fetch-3.0.6.tgz#3a4040bc8941e653e0e9cf17f29ebcd177d3365c"
  integrity sha512-KBPUbqgFjzWlVcURG+Svp9TlhA5uliYtiNx/0r8nv0pdypeQCRJ9IaSIc3q/x3q8t3F75cHuwxVql1HFGHCNJQ==
  dependencies:
    node-fetch "2.6.1"

d@1, d@^1.0.1:
  version "1.0.1"
  resolved "https://registry.yarnpkg.com/d/-/d-1.0.1.tgz#8698095372d58dbee346ffd0c7093f99f8f9eb5a"
  integrity sha512-m62ShEObQ39CfralilEQRjH6oAMtNCV1xJyEx5LpRYUVN+EviphDgUc/F3hnYbADmkiNs67Y+3ylmlG7Lnu+FA==
  dependencies:
    es5-ext "^0.10.50"
    type "^1.0.1"

debug@^2.2.0:
  version "2.6.9"
  resolved "https://registry.yarnpkg.com/debug/-/debug-2.6.9.tgz#5d128515df134ff327e90a4c93f4e077a536341f"
  integrity sha512-bC7ElrdJaJnPbAP+1EotYvqZsb3ecl5wi6Bfi6BJTUcNowp6cvspg0jXznRTKDjm/E7AdgFBVeAPVMNcKGsHMA==
  dependencies:
    ms "2.0.0"

drbg.js@^1.0.1:
  version "1.0.1"
  resolved "https://registry.yarnpkg.com/drbg.js/-/drbg.js-1.0.1.tgz#3e36b6c42b37043823cdbc332d58f31e2445480b"
  integrity sha1-Pja2xCs3BDgjzbwzLVjzHiRFSAs=
  dependencies:
    browserify-aes "^1.0.6"
    create-hash "^1.1.2"
    create-hmac "^1.1.4"

elliptic@^6.4.1, elliptic@^6.5.2:
  version "6.5.3"
  resolved "https://registry.yarnpkg.com/elliptic/-/elliptic-6.5.3.tgz#cb59eb2efdaf73a0bd78ccd7015a62ad6e0f93d6"
  integrity sha512-IMqzv5wNQf+E6aHeIqATs0tOLeOTwj1QKbRcS3jBbYkl5oLAserA8yJTT7/VyHUYG91PRmPyeQDObKLPpeS4dw==
  dependencies:
    bn.js "^4.4.0"
    brorand "^1.0.1"
    hash.js "^1.0.0"
    hmac-drbg "^1.0.0"
    inherits "^2.0.1"
    minimalistic-assert "^1.0.0"
    minimalistic-crypto-utils "^1.0.0"

es5-ext@^0.10.35, es5-ext@^0.10.50:
  version "0.10.53"
  resolved "https://registry.yarnpkg.com/es5-ext/-/es5-ext-0.10.53.tgz#93c5a3acfdbef275220ad72644ad02ee18368de1"
  integrity sha512-Xs2Stw6NiNHWypzRTY1MtaG/uJlwCk8kH81920ma8mvN8Xq1gsfhZvpkImLQArw8AHnv8MT2I45J3c0R8slE+Q==
  dependencies:
    es6-iterator "~2.0.3"
    es6-symbol "~3.1.3"
    next-tick "~1.0.0"

es6-iterator@~2.0.3:
  version "2.0.3"
  resolved "https://registry.yarnpkg.com/es6-iterator/-/es6-iterator-2.0.3.tgz#a7de889141a05a94b0854403b2d0a0fbfa98f3b7"
  integrity sha1-p96IkUGgWpSwhUQDstCg+/qY87c=
  dependencies:
    d "1"
    es5-ext "^0.10.35"
    es6-symbol "^3.1.1"

es6-symbol@^3.1.1, es6-symbol@~3.1.3:
  version "3.1.3"
  resolved "https://registry.yarnpkg.com/es6-symbol/-/es6-symbol-3.1.3.tgz#bad5d3c1bcdac28269f4cb331e431c78ac705d18"
  integrity sha512-NJ6Yn3FuDinBaBRWl/q5X/s4koRHBrgKAu+yGI6JCBeiu3qrcbJhwT2GeR/EXVfylRk8dpQVJoLEFhK+Mu31NA==
  dependencies:
    d "^1.0.1"
    ext "^1.1.2"

evp_bytestokey@^1.0.3:
  version "1.0.3"
  resolved "https://registry.yarnpkg.com/evp_bytestokey/-/evp_bytestokey-1.0.3.tgz#7fcbdb198dc71959432efe13842684e0525acb02"
  integrity sha512-/f2Go4TognH/KvCISP7OUsHn85hT9nUkxxA9BEWxFn+Oj9o8ZNLm/40hdlgSLyuOimsrTKLUMEorQexp/aPQeA==
  dependencies:
    md5.js "^1.3.4"
    safe-buffer "^5.1.1"

ext@^1.1.2:
  version "1.4.0"
  resolved "https://registry.yarnpkg.com/ext/-/ext-1.4.0.tgz#89ae7a07158f79d35517882904324077e4379244"
  integrity sha512-Key5NIsUxdqKg3vIsdw9dSuXpPCQ297y6wBjL30edxwPgt2E44WcWBZey/ZvUc6sERLTxKdyCu4gZFmUbk1Q7A==
  dependencies:
    type "^2.0.0"

file-uri-to-path@1.0.0:
  version "1.0.0"
  resolved "https://registry.yarnpkg.com/file-uri-to-path/-/file-uri-to-path-1.0.0.tgz#553a7b8446ff6f684359c445f1e37a05dacc33dd"
  integrity sha512-0Zt+s3L7Vf1biwWZ29aARiVYLx7iMGnEUl9x33fbB/j3jR81u/O2LbqK+Bm1CDSNDKVtJ/YjwY7TUd5SkeLQLw==

hash-base@^3.0.0:
  version "3.1.0"
  resolved "https://registry.yarnpkg.com/hash-base/-/hash-base-3.1.0.tgz#55c381d9e06e1d2997a883b4a3fddfe7f0d3af33"
  integrity sha512-1nmYp/rhMDiE7AYkDw+lLwlAzz0AntGIe51F3RfFfEqyQ3feY2eI/NcwC6umIQVOASPMsWJLJScWKSSvzL9IVA==
  dependencies:
    inherits "^2.0.4"
    readable-stream "^3.6.0"
    safe-buffer "^5.2.0"

hash.js@^1.0.0, hash.js@^1.0.3:
  version "1.1.7"
  resolved "https://registry.yarnpkg.com/hash.js/-/hash.js-1.1.7.tgz#0babca538e8d4ee4a0f8988d68866537a003cf42"
  integrity sha512-taOaskGt4z4SOANNseOviYDvjEJinIkRgmp7LbKP2YTTmVxWBl87s/uzK9r+44BclBSp2X7K1hqeNfz9JbBeXA==
  dependencies:
    inherits "^2.0.3"
    minimalistic-assert "^1.0.1"

hdkey@^1.1.1:
  version "1.1.2"
  resolved "https://registry.yarnpkg.com/hdkey/-/hdkey-1.1.2.tgz#c60f9cf6f90fbf24a8a52ea06893f36a0108cd3e"
  integrity sha512-PTQ4VKu0oRnCrYfLp04iQZ7T2Cxz0UsEXYauk2j8eh6PJXCpbXuCFhOmtIFtbET0i3PMWmHN9J11gU8LEgUljQ==
  dependencies:
    bs58check "^2.1.2"
    safe-buffer "^5.1.1"
    secp256k1 "^3.0.1"

hmac-drbg@^1.0.0, hmac-drbg@^1.0.1:
  version "1.0.1"
  resolved "https://registry.yarnpkg.com/hmac-drbg/-/hmac-drbg-1.0.1.tgz#d2745701025a6c775a6c545793ed502fc0c649a1"
  integrity sha1-0nRXAQJabHdabFRXk+1QL8DGSaE=
  dependencies:
    hash.js "^1.0.3"
    minimalistic-assert "^1.0.0"
    minimalistic-crypto-utils "^1.0.1"

inherits@^2.0.1, inherits@^2.0.3, inherits@^2.0.4:
  version "2.0.4"
  resolved "https://registry.yarnpkg.com/inherits/-/inherits-2.0.4.tgz#0fa2c64f932917c3433a0ded55363aae37416b7c"
  integrity sha512-k/vGaX4/Yla3WzyMCvTQOXYeIHvqOKtnqBduzTHpzpQZzAskKMhZ2K+EnBiSM9zGSoIFeMpXKxa4dYeZIQqewQ==

is-typedarray@^1.0.0:
  version "1.0.0"
  resolved "https://registry.yarnpkg.com/is-typedarray/-/is-typedarray-1.0.0.tgz#e479c80858df0c1b11ddda6940f96011fcda4a9a"
  integrity sha1-5HnICFjfDBsR3dppQPlgEfzaSpo=

js-sha3@^0.8.0:
  version "0.8.0"
  resolved "https://registry.yarnpkg.com/js-sha3/-/js-sha3-0.8.0.tgz#b9b7a5da73afad7dedd0f8c463954cbde6818840"
  integrity sha512-gF1cRrHhIzNfToc802P800N8PpXS+evLLXfsVpowqmAFR9uwbi89WvXg2QspOmXL8QL86J4T1EpFu+yUkwJY3Q==

md5.js@^1.3.4:
  version "1.3.5"
  resolved "https://registry.yarnpkg.com/md5.js/-/md5.js-1.3.5.tgz#b5d07b8e3216e3e27cd728d72f70d1e6a342005f"
  integrity sha512-xitP+WxNPcTTOgnTJcrhM0xvdPepipPSf3I8EIpGKeFLjt3PlJLIDG3u8EX53ZIubkb+5U2+3rELYpEhHhzdkg==
  dependencies:
    hash-base "^3.0.0"
    inherits "^2.0.1"
    safe-buffer "^5.1.2"

minimalistic-assert@^1.0.0, minimalistic-assert@^1.0.1:
  version "1.0.1"
  resolved "https://registry.yarnpkg.com/minimalistic-assert/-/minimalistic-assert-1.0.1.tgz#2e194de044626d4a10e7f7fbc00ce73e83e4d5c7"
  integrity sha512-UtJcAD4yEaGtjPezWuO9wC4nwUnVH/8/Im3yEHQP4b67cXlD/Qr9hdITCU1xDbSEXg2XKNaP8jsReV7vQd00/A==

minimalistic-crypto-utils@^1.0.0, minimalistic-crypto-utils@^1.0.1:
  version "1.0.1"
  resolved "https://registry.yarnpkg.com/minimalistic-crypto-utils/-/minimalistic-crypto-utils-1.0.1.tgz#f6c00c1c0b082246e5c4d99dfb8c7c083b2b582a"
  integrity sha1-9sAMHAsIIkblxNmd+4x8CDsrWCo=

mitt@^1.2.0:
  version "1.2.0"
  resolved "https://registry.yarnpkg.com/mitt/-/mitt-1.2.0.tgz#cb24e6569c806e31bd4e3995787fe38a04fdf90d"
  integrity sha512-r6lj77KlwqLhIUku9UWYes7KJtsczvolZkzp8hbaDPPaE24OmWl5s539Mytlj22siEQKosZ26qCBgda2PKwoJw==

ms@2.0.0:
  version "2.0.0"
  resolved "https://registry.yarnpkg.com/ms/-/ms-2.0.0.tgz#5608aeadfc00be6c2901df5f9861788de0d597c8"
  integrity sha1-VgiurfwAvmwpAd9fmGF4jeDVl8g=

nan@^2.14.0:
  version "2.14.2"
  resolved "https://registry.yarnpkg.com/nan/-/nan-2.14.2.tgz#f5376400695168f4cc694ac9393d0c9585eeea19"
  integrity sha512-M2ufzIiINKCuDfBSAUr1vWQ+vuVcA9kqx8JJUsbQi6yf1uGRyb7HfpdfUr5qLXf3B/t8dPvcjhKMmlfnP47EzQ==

next-tick@~1.0.0:
  version "1.0.0"
  resolved "https://registry.yarnpkg.com/next-tick/-/next-tick-1.0.0.tgz#ca86d1fe8828169b0120208e3dc8424b9db8342c"
  integrity sha1-yobR/ogoFpsBICCOPchCS524NCw=

node-fetch@2.6.1:
  version "2.6.1"
  resolved "https://registry.yarnpkg.com/node-fetch/-/node-fetch-2.6.1.tgz#045bd323631f76ed2e2b55573394416b639a0052"
  integrity sha512-V4aYg89jEoVRxRb2fJdAg8FHvI7cEyYdVAh94HH0UIK8oJxUfkjlDQN9RbMx+bEjP7+ggMiFRprSti032Oipxw==

node-gyp-build@^4.2.0:
  version "4.2.3"
  resolved "https://registry.yarnpkg.com/node-gyp-build/-/node-gyp-build-4.2.3.tgz#ce6277f853835f718829efb47db20f3e4d9c4739"
  integrity sha512-MN6ZpzmfNCRM+3t57PTJHgHyw/h4OWnZ6mR8P5j/uZtqQr46RRuDE/P+g3n0YR/AiYXeWixZZzaip77gdICfRg==

pbkdf2@^3.0.17, pbkdf2@^3.0.9:
  version "3.1.1"
  resolved "https://registry.yarnpkg.com/pbkdf2/-/pbkdf2-3.1.1.tgz#cb8724b0fada984596856d1a6ebafd3584654b94"
  integrity sha512-4Ejy1OPxi9f2tt1rRV7Go7zmfDQ+ZectEQz3VGUQhgq62HtIRPDyG/JtnwIxs6x3uNMwo2V7q1fMvKjb+Tnpqg==
  dependencies:
    create-hash "^1.1.2"
    create-hmac "^1.1.4"
    ripemd160 "^2.0.1"
    safe-buffer "^5.0.1"
    sha.js "^2.4.8"

randombytes@^2.0.1:
  version "2.1.0"
  resolved "https://registry.yarnpkg.com/randombytes/-/randombytes-2.1.0.tgz#df6f84372f0270dc65cdf6291349ab7a473d4f2a"
  integrity sha512-vYl3iOX+4CKUWuxGi9Ukhie6fsqXqS9FE2Zaic4tNFD2N2QQaXOMFbuKK4QmDHC0JO6B1Zp41J0LpT0oR68amQ==
  dependencies:
    safe-buffer "^5.1.0"

readable-stream@^3.6.0:
  version "3.6.0"
  resolved "https://registry.yarnpkg.com/readable-stream/-/readable-stream-3.6.0.tgz#337bbda3adc0706bd3e024426a286d4b4b2c9198"
  integrity sha512-BViHy7LKeTz4oNnkcLJ+lVSL6vpiFeX6/d3oSH8zCW7UxP2onchk+vTGB143xuFjHS3deTgkKoXXymXqymiIdA==
  dependencies:
    inherits "^2.0.3"
    string_decoder "^1.1.1"
    util-deprecate "^1.0.1"

ripemd160@^2.0.0, ripemd160@^2.0.1:
  version "2.0.2"
  resolved "https://registry.yarnpkg.com/ripemd160/-/ripemd160-2.0.2.tgz#a1c1a6f624751577ba5d07914cbc92850585890c"
  integrity sha512-ii4iagi25WusVoiC4B4lq7pbXfAp3D9v5CwfkY33vffw2+pkDjY1D8GaN7spsxvCSx8dkPqOZCEZyfxcmJG2IA==
  dependencies:
    hash-base "^3.0.0"
    inherits "^2.0.1"

safe-buffer@^5.0.1, safe-buffer@^5.1.0, safe-buffer@^5.1.1, safe-buffer@^5.1.2, safe-buffer@^5.2.0, safe-buffer@~5.2.0:
  version "5.2.1"
  resolved "https://registry.yarnpkg.com/safe-buffer/-/safe-buffer-5.2.1.tgz#1eaf9fa9bdb1fdd4ec75f58f9cdb4e6b7827eec6"
  integrity sha512-rp3So07KcdmmKbGvgaNxQSJr7bGVSVk5S9Eq1F+ppbRo70+YeaDxkw5Dd8NPN+GD6bjnYm2VuPuCXmpuYvmCXQ==

"scrypt-shim@github:web3-js/scrypt-shim":
  version "0.1.0"
  resolved "https://codeload.github.com/web3-js/scrypt-shim/tar.gz/aafdadda13e660e25e1c525d1f5b2443f5eb1ebb"
  dependencies:
    scryptsy "^2.1.0"
    semver "^6.3.0"

scryptsy@^2.1.0:
  version "2.1.0"
  resolved "https://registry.yarnpkg.com/scryptsy/-/scryptsy-2.1.0.tgz#8d1e8d0c025b58fdd25b6fa9a0dc905ee8faa790"
  integrity sha512-1CdSqHQowJBnMAFyPEBRfqag/YP9OF394FV+4YREIJX4ljD7OxvQRDayyoyyCk+senRjSkP6VnUNQmVQqB6g7w==

secp256k1@^3.0.1:
  version "3.8.0"
  resolved "https://registry.yarnpkg.com/secp256k1/-/secp256k1-3.8.0.tgz#28f59f4b01dbee9575f56a47034b7d2e3b3b352d"
  integrity sha512-k5ke5avRZbtl9Tqx/SA7CbY3NF6Ro+Sj9cZxezFzuBlLDmyqPiL8hJJ+EmzD8Ig4LUDByHJ3/iPOVoRixs/hmw==
  dependencies:
    bindings "^1.5.0"
    bip66 "^1.1.5"
    bn.js "^4.11.8"
    create-hash "^1.2.0"
    drbg.js "^1.0.1"
    elliptic "^6.5.2"
    nan "^2.14.0"
    safe-buffer "^5.1.2"

semver@^6.3.0:
  version "6.3.0"
  resolved "https://registry.yarnpkg.com/semver/-/semver-6.3.0.tgz#ee0a64c8af5e8ceea67687b133761e1becbd1d3d"
  integrity sha512-b39TBaTSfV6yBrapU89p5fKekE2m/NwnDocOVruQFS1/veMgdzuPcnOM34M6CwxW8jH/lxEa5rBoDeUwu5HHTw==

sha.js@^2.4.0, sha.js@^2.4.8:
  version "2.4.11"
  resolved "https://registry.yarnpkg.com/sha.js/-/sha.js-2.4.11.tgz#37a5cf0b81ecbc6943de109ba2960d1b26584ae7"
  integrity sha512-QMEp5B7cftE7APOjk5Y6xgrbWu+WkLVQwk8JNjZ8nKRciZaByEW6MubieAiToS7+dwvrjGhH8jRXz3MVd0AYqQ==
  dependencies:
    inherits "^2.0.1"
    safe-buffer "^5.0.1"

string_decoder@^1.1.1:
  version "1.3.0"
  resolved "https://registry.yarnpkg.com/string_decoder/-/string_decoder-1.3.0.tgz#42f114594a46cf1a8e30b0a84f56c78c3edac21e"
  integrity sha512-hkRX8U1WjJFd8LsDJ2yQ/wWWxaopEsABU1XfkM8A+j0+85JAGppt16cr1Whg6KIbb4okU6Mql6BOj+uup/wKeA==
  dependencies:
    safe-buffer "~5.2.0"

text-encoding@^0.7.0:
  version "0.7.0"
  resolved "https://registry.yarnpkg.com/text-encoding/-/text-encoding-0.7.0.tgz#f895e836e45990624086601798ea98e8f36ee643"
  integrity sha512-oJQ3f1hrOnbRLOcwKz0Liq2IcrvDeZRHXhd9RgLrsT+DjWY/nty1Hi7v3dtkaEYbPYe0mUoOfzRrMwfXXwgPUA==

tiny-warning@^1.0.3:
  version "1.0.3"
  resolved "https://registry.yarnpkg.com/tiny-warning/-/tiny-warning-1.0.3.tgz#94a30db453df4c643d0fd566060d60a875d84754"
  integrity sha512-lBN9zLN/oAf68o3zNXYrdCt1kP8WsiGW8Oo2ka41b2IM5JL/S1CTyX1rW0mb/zSuJun0ZUrDxx4sqvYS2FWzPA==

type@^1.0.1:
  version "1.2.0"
  resolved "https://registry.yarnpkg.com/type/-/type-1.2.0.tgz#848dd7698dafa3e54a6c479e759c4bc3f18847a0"
  integrity sha512-+5nt5AAniqsCnu2cEQQdpzCAh33kVx8n0VoFidKpB1dVVLAN/F+bgVOqOJqOnEnrhp222clB5p3vUlD+1QAnfg==

type@^2.0.0:
  version "2.1.0"
  resolved "https://registry.yarnpkg.com/type/-/type-2.1.0.tgz#9bdc22c648cf8cf86dd23d32336a41cfb6475e3f"
  integrity sha512-G9absDWvhAWCV2gmF1zKud3OyC61nZDwWvBL2DApaVFogI07CprggiQAOOjvp2NRjYWFzPyu7vwtDrQFq8jeSA==

typedarray-to-buffer@^3.1.5:
  version "3.1.5"
  resolved "https://registry.yarnpkg.com/typedarray-to-buffer/-/typedarray-to-buffer-3.1.5.tgz#a97ee7a9ff42691b9f783ff1bc5112fe3fca9080"
  integrity sha512-zdu8XMNEDepKKR+XYOXAVPtWui0ly0NtohUscw+UmaHiAWT8hrV1rr//H6V+0DvJ3OQ19S979M0laLfX8rm82Q==
  dependencies:
    is-typedarray "^1.0.0"

unorm@^1.3.3:
  version "1.6.0"
  resolved "https://registry.yarnpkg.com/unorm/-/unorm-1.6.0.tgz#029b289661fba714f1a9af439eb51d9b16c205af"
  integrity sha512-b2/KCUlYZUeA7JFUuRJZPUtr4gZvBh7tavtv4fvk4+KV9pfGiR6CQAQAWl49ZpR3ts2dk4FYkP7EIgDJoiOLDA==

utf-8-validate@^5.0.2:
  version "5.0.3"
  resolved "https://registry.yarnpkg.com/utf-8-validate/-/utf-8-validate-5.0.3.tgz#3b64e418ad2ff829809025fdfef595eab2f03a27"
  integrity sha512-jtJM6fpGv8C1SoH4PtG22pGto6x+Y8uPprW0tw3//gGFhDDTiuksgradgFN6yRayDP4SyZZa6ZMGHLIa17+M8A==
  dependencies:
    node-gyp-build "^4.2.0"

util-deprecate@^1.0.1:
  version "1.0.2"
  resolved "https://registry.yarnpkg.com/util-deprecate/-/util-deprecate-1.0.2.tgz#450d4dc9fa70de732762fbd2d4a28981419a0ccf"
  integrity sha1-RQ1Nyfpw3nMnYvvS1KKJgUGaDM8=

uuid@^3.3.2:
  version "3.4.0"
  resolved "https://registry.yarnpkg.com/uuid/-/uuid-3.4.0.tgz#b23e4358afa8a202fe7a100af1f5f883f02007ee"
  integrity sha512-HjSDRw6gZE5JMggctHBcjVak08+KEVhSIiDzFnT9S9aegmp85S/bReBVTb4QTFaRNptJ9kuYaNhnbNEOkbKb/A==

websocket@^1.0.28:
  version "1.0.32"
  resolved "https://registry.yarnpkg.com/websocket/-/websocket-1.0.32.tgz#1f16ddab3a21a2d929dec1687ab21cfdc6d3dbb1"
  integrity sha512-i4yhcllSP4wrpoPMU2N0TQ/q0O94LRG/eUQjEAamRltjQ1oT1PFFKOG4i877OlJgCG8rw6LrrowJp+TYCEWF7Q==
  dependencies:
    bufferutil "^4.0.1"
    debug "^2.2.0"
    es5-ext "^0.10.50"
    typedarray-to-buffer "^3.1.5"
    utf-8-validate "^5.0.2"
    yaeti "^0.0.6"

yaeti@^0.0.6:
  version "0.0.6"
  resolved "https://registry.yarnpkg.com/yaeti/-/yaeti-0.0.6.tgz#f26f484d72684cf42bedfb76970aa1608fbf9577"
  integrity sha1-8m9ITXJoTPQr7ft2lwqhYI+/lXc=
